
Microsoft Visual Studio Solution File, Format Version 12.00
# Visual Studio Version 17
VisualStudioVersion = 17.14.37203.1 d17.14
MinimumVisualStudioVersion = 10.0.40219.1
Project("{FAE04EC0-301F-11D3-BF4B-00C04F79EFBC}") = "FilesDemo", "FilesDemo.csproj", "{430458BA-FEB1-48C0-85B3-B0214E31AB11}"
EndProject
Global
	GlobalSection(SolutionConfigurationPlatforms) = preSolution
		Debug|Any CPU = Debug|Any CPU
		Release|Any CPU = Release|Any CPU
	EndGlobalSection
	GlobalSection(ProjectConfigurationPlatforms) = postSolution
		{430458BA-FEB1-48C0-85B3-B0214E31AB11}.Debug|Any CPU.ActiveCfg = Debug|Any CPU
		{430458BA-FEB1-48C0-85B3-B0214E31AB11}.Debug|Any CPU.Build.0 = Debug|Any CPU
		{430458BA-FEB1-48C0-85B3-B0214E31AB11}.Release|Any CPU.ActiveCfg = Release|Any CPU
		{430458BA-FEB1-48C0-85B3-B0214E31AB11}.Release|Any CPU.Build.0 = Release|Any CPU
	EndGlobalSection
	GlobalSection(SolutionProperties) = preSolution
		HideSolutionNode = FALSE
	EndGlobalSection
	GlobalSection(ExtensibilityGlobals) = postSolution
		SolutionGuid = {2A77DBEE-2A08-43F6-B090-2D0A25A6DEB7}
	EndGlobalSection
EndGlobal
